
Microsoft Visual Studio Solution File, Format Version 12.00
# Visual Studio Version 17
VisualStudioVersion = 17.12.35527.113 d17.12
MinimumVisualStudioVersion = 10.0.40219.1
Project("{FAE04EC0-301F-11D3-BF4B-00C04F79EFBC}") = "ViNNT.Template.Presentation.Starter", "vinnt.template\ViNNT.Template.Presentation.Starter.csproj", "{089EA294-4BD8-42FA-81D5-EB36D6F3A14C}"
EndProject
Project("{FAE04EC0-301F-11D3-BF4B-00C04F79EFBC}") = "ViNNT.Template.Presentation.Application", "ViNNT.Template.Presentation.Application\ViNNT.Template.Presentation.Application.csproj", "{697E94F7-4F3E-4673-8415-5A8A24A44937}"
EndProject
Project("{FAE04EC0-301F-11D3-BF4B-00C04F79EFBC}") = "ViNNT.Template.Presentation.Infrastructure", "ViNNT.Template.Presentation.Infrastructure\ViNNT.Template.Presentation.Infrastructure.csproj", "{7D66B123-AF25-4CF9-8803-3AED6111E98D}"
EndProject
Project("{FAE04EC0-301F-11D3-BF4B-00C04F79EFBC}") = "ViNNT.Template.Presentation.Domain", "ViNNT.Template.Presentation.Domain\ViNNT.Template.Presentation.Domain.csproj", "{71AA80AE-43CA-48CA-A9FD-3E538EFB98F7}"
EndProject
Global
	GlobalSection(SolutionConfigurationPlatforms) = preSolution
		Debug|Any CPU = Debug|Any CPU
		Release|Any CPU = Release|Any CPU
	EndGlobalSection
	GlobalSection(ProjectConfigurationPlatforms) = postSolution
		{089EA294-4BD8-42FA-81D5-EB36D6F3A14C}.Debug|Any CPU.ActiveCfg = Debug|Any CPU
		{089EA294-4BD8-42FA-81D5-EB36D6F3A14C}.Debug|Any CPU.Build.0 = Debug|Any CPU
		{089EA294-4BD8-42FA-81D5-EB36D6F3A14C}.Release|Any CPU.ActiveCfg = Release|Any CPU
		{089EA294-4BD8-42FA-81D5-EB36D6F3A14C}.Release|Any CPU.Build.0 = Release|Any CPU
		{697E94F7-4F3E-4673-8415-5A8A24A44937}.Debug|Any CPU.ActiveCfg = Debug|Any CPU
		{697E94F7-4F3E-4673-8415-5A8A24A44937}.Debug|Any CPU.Build.0 = Debug|Any CPU
		{697E94F7-4F3E-4673-8415-5A8A24A44937}.Release|Any CPU.ActiveCfg = Release|Any CPU
		{697E94F7-4F3E-4673-8415-5A8A24A44937}.Release|Any CPU.Build.0 = Release|Any CPU
		{7D66B123-AF25-4CF9-8803-3AED6111E98D}.Debug|Any CPU.ActiveCfg = Debug|Any CPU
		{7D66B123-AF25-4CF9-8803-3AED6111E98D}.Debug|Any CPU.Build.0 = Debug|Any CPU
		{7D66B123-AF25-4CF9-8803-3AED6111E98D}.Release|Any CPU.ActiveCfg = Release|Any CPU
		{7D66B123-AF25-4CF9-8803-3AED6111E98D}.Release|Any CPU.Build.0 = Release|Any CPU
		{71AA80AE-43CA-48CA-A9FD-3E538EFB98F7}.Debug|Any CPU.ActiveCfg = Debug|Any CPU
		{71AA80AE-43CA-48CA-A9FD-3E538EFB98F7}.Debug|Any CPU.Build.0 = Debug|Any CPU
		{71AA80AE-43CA-48CA-A9FD-3E538EFB98F7}.Release|Any CPU.ActiveCfg = Release|Any CPU
		{71AA80AE-43CA-48CA-A9FD-3E538EFB98F7}.Release|Any CPU.Build.0 = Release|Any CPU
	EndGlobalSection
	GlobalSection(SolutionProperties) = preSolution
		HideSolutionNode = FALSE
	EndGlobalSection
EndGlobal
